// !$*UTF8*$!
{
	archiveVersion = 1;
	classes = {
	};
	objectVersion = 48;
	objects = {

/* Begin PBXBuildFile section */
		73B04AF55005A23090CD4439 /* Pods_Liverpool.framework in Frameworks */ = {isa = PBXBuildFile; fileRef = C8D737C1F2CDBA1F896A8D90 /* Pods_Liverpool.framework */; };
		E77A66602041C834003C1DCD /* AppDelegate.swift in Sources */ = {isa = PBXBuildFile; fileRef = E77A665F2041C834003C1DCD /* AppDelegate.swift */; };
		E77A66622041C834003C1DCD /* ViewController.swift in Sources */ = {isa = PBXBuildFile; fileRef = E77A66612041C834003C1DCD /* ViewController.swift */; };
		E77A66652041C834003C1DCD /* Main.storyboard in Resources */ = {isa = PBXBuildFile; fileRef = E77A66632041C834003C1DCD /* Main.storyboard */; };
		E77A66672041C834003C1DCD /* Assets.xcassets in Resources */ = {isa = PBXBuildFile; fileRef = E77A66662041C834003C1DCD /* Assets.xcassets */; };
		E77A666A2041C834003C1DCD /* LaunchScreen.storyboard in Resources */ = {isa = PBXBuildFile; fileRef = E77A66682041C834003C1DCD /* LaunchScreen.storyboard */; };
		E7DC19DA2041D0130043B874 /* APICall.swift in Sources */ = {isa = PBXBuildFile; fileRef = E7DC19D92041D0130043B874 /* APICall.swift */; };
		E7DC19DD2041D7B90043B874 /* HomePresenter.swift in Sources */ = {isa = PBXBuildFile; fileRef = E7DC19DC2041D7B90043B874 /* HomePresenter.swift */; };
		E7DC19E02041D8260043B874 /* HomeViewable.swift in Sources */ = {isa = PBXBuildFile; fileRef = E7DC19DF2041D8260043B874 /* HomeViewable.swift */; };
		E7DC19E22041D8370043B874 /* HomePresentable.swift in Sources */ = {isa = PBXBuildFile; fileRef = E7DC19E12041D8370043B874 /* HomePresentable.swift */; };
		E7DC19E52041ED820043B874 /* ViewModel.swift in Sources */ = {isa = PBXBuildFile; fileRef = E7DC19E42041ED820043B874 /* ViewModel.swift */; };
		E7DC19E82041F7AA0043B874 /* ListCell.swift in Sources */ = {isa = PBXBuildFile; fileRef = E7DC19E72041F7AA0043B874 /* ListCell.swift */; };
/* End PBXBuildFile section */

/* Begin PBXFileReference section */
		9F3E8EA9FB7C47DE2C6DABE2 /* Pods-Liverpool.debug.xcconfig */ = {isa = PBXFileReference; includeInIndex = 1; lastKnownFileType = text.xcconfig; name = "Pods-Liverpool.debug.xcconfig"; path = "Pods/Target Support Files/Pods-Liverpool/Pods-Liverpool.debug.xcconfig"; sourceTree = "<group>"; };
		B960BF89357B1A8DF3E95D7B /* Pods-Liverpool.release.xcconfig */ = {isa = PBXFileReference; includeInIndex = 1; lastKnownFileType = text.xcconfig; name = "Pods-Liverpool.release.xcconfig"; path = "Pods/Target Support Files/Pods-Liverpool/Pods-Liverpool.release.xcconfig"; sourceTree = "<group>"; };
		C8D737C1F2CDBA1F896A8D90 /* Pods_Liverpool.framework */ = {isa = PBXFileReference; explicitFileType = wrapper.framework; includeInIndex = 0; path = Pods_Liverpool.framework; sourceTree = BUILT_PRODUCTS_DIR; };
		E77A665C2041C834003C1DCD /* Liverpool.app */ = {isa = PBXFileReference; explicitFileType = wrapper.application; includeInIndex = 0; path = Liverpool.app; sourceTree = BUILT_PRODUCTS_DIR; };
		E77A665F2041C834003C1DCD /* AppDelegate.swift */ = {isa = PBXFileReference; lastKnownFileType = sourcecode.swift; path = AppDelegate.swift; sourceTree = "<group>"; };
		E77A66612041C834003C1DCD /* ViewController.swift */ = {isa = PBXFileReference; lastKnownFileType = sourcecode.swift; path = ViewController.swift; sourceTree = "<group>"; };
		E77A66642041C834003C1DCD /* Base */ = {isa = PBXFileReference; lastKnownFileType = file.storyboard; name = Base; path = Base.lproj/Main.storyboard; sourceTree = "<group>"; };
		E77A66662041C834003C1DCD /* Assets.xcassets */ = {isa = PBXFileReference; lastKnownFileType = folder.assetcatalog; path = Assets.xcassets; sourceTree = "<group>"; };
		E77A66692041C834003C1DCD /* Base */ = {isa = PBXFileReference; lastKnownFileType = file.storyboard; name = Base; path = Base.lproj/LaunchScreen.storyboard; sourceTree = "<group>"; };
		E77A666B2041C834003C1DCD /* Info.plist */ = {isa = PBXFileReference; lastKnownFileType = text.plist.xml; path = Info.plist; sourceTree = "<group>"; };
		E7DC19D92041D0130043B874 /* APICall.swift */ = {isa = PBXFileReference; lastKnownFileType = sourcecode.swift; path = APICall.swift; sourceTree = "<group>"; };
		E7DC19DC2041D7B90043B874 /* HomePresenter.swift */ = {isa = PBXFileReference; lastKnownFileType = sourcecode.swift; path = HomePresenter.swift; sourceTree = "<group>"; };
		E7DC19DF2041D8260043B874 /* HomeViewable.swift */ = {isa = PBXFileReference; lastKnownFileType = sourcecode.swift; path = HomeViewable.swift; sourceTree = "<group>"; };
		E7DC19E12041D8370043B874 /* HomePresentable.swift */ = {isa = PBXFileReference; lastKnownFileType = sourcecode.swift; path = HomePresentable.swift; sourceTree = "<group>"; };
		E7DC19E42041ED820043B874 /* ViewModel.swift */ = {isa = PBXFileReference; lastKnownFileType = sourcecode.swift; path = ViewModel.swift; sourceTree = "<group>"; };
		E7DC19E72041F7AA0043B874 /* ListCell.swift */ = {isa = PBXFileReference; lastKnownFileType = sourcecode.swift; path = ListCell.swift; sourceTree = "<group>"; };
/* End PBXFileReference section */

/* Begin PBXFrameworksBuildPhase section */
		E77A66592041C834003C1DCD /* Frameworks */ = {
			isa = PBXFrameworksBuildPhase;
			buildActionMask = 2147483647;
			files = (
				73B04AF55005A23090CD4439 /* Pods_Liverpool.framework in Frameworks */,
			);
			runOnlyForDeploymentPostprocessing = 0;
		};
/* End PBXFrameworksBuildPhase section */

/* Begin PBXGroup section */
		B2DFB1851299381958C265BF /* Frameworks */ = {
			isa = PBXGroup;
			children = (
				C8D737C1F2CDBA1F896A8D90 /* Pods_Liverpool.framework */,
			);
			name = Frameworks;
			sourceTree = "<group>";
		};
		C785E57677DF32DB3823C696 /* Pods */ = {
			isa = PBXGroup;
			children = (
				9F3E8EA9FB7C47DE2C6DABE2 /* Pods-Liverpool.debug.xcconfig */,
				B960BF89357B1A8DF3E95D7B /* Pods-Liverpool.release.xcconfig */,
			);
			name = Pods;
			sourceTree = "<group>";
		};
		E77A66532041C834003C1DCD = {
			isa = PBXGroup;
			children = (
				E77A665E2041C834003C1DCD /* Liverpool */,
				E77A665D2041C834003C1DCD /* Products */,
				C785E57677DF32DB3823C696 /* Pods */,
				B2DFB1851299381958C265BF /* Frameworks */,
			);
			sourceTree = "<group>";
		};
		E77A665D2041C834003C1DCD /* Products */ = {
			isa = PBXGroup;
			children = (
				E77A665C2041C834003C1DCD /* Liverpool.app */,
			);
			name = Products;
			sourceTree = "<group>";
		};
		E77A665E2041C834003C1DCD /* Liverpool */ = {
			isa = PBXGroup;
			children = (
				E7DC19E62041F7910043B874 /* Views */,
				E7DC19E32041ED6F0043B874 /* Models */,
				E7DC19DE2041D8100043B874 /* HomeProtocols */,
				E7DC19DB2041D7910043B874 /* Presenter */,
				E7DC19D82041CFFC0043B874 /* APICall */,
				E77A665F2041C834003C1DCD /* AppDelegate.swift */,
				E77A66632041C834003C1DCD /* Main.storyboard */,
				E77A66662041C834003C1DCD /* Assets.xcassets */,
				E77A66682041C834003C1DCD /* LaunchScreen.storyboard */,
				E77A666B2041C834003C1DCD /* Info.plist */,
			);
			path = Liverpool;
			sourceTree = "<group>";
		};
		E7DC19D82041CFFC0043B874 /* APICall */ = {
			isa = PBXGroup;
			children = (
				E7DC19D92041D0130043B874 /* APICall.swift */,
			);
			path = APICall;
			sourceTree = "<group>";
		};
		E7DC19DB2041D7910043B874 /* Presenter */ = {
			isa = PBXGroup;
			children = (
				E7DC19DC2041D7B90043B874 /* HomePresenter.swift */,
			);
			path = Presenter;
			sourceTree = "<group>";
		};
		E7DC19DE2041D8100043B874 /* HomeProtocols */ = {
			isa = PBXGroup;
			children = (
				E7DC19DF2041D8260043B874 /* HomeViewable.swift */,
				E7DC19E12041D8370043B874 /* HomePresentable.swift */,
			);
			path = HomeProtocols;
			sourceTree = "<group>";
		};
		E7DC19E32041ED6F0043B874 /* Models */ = {
			isa = PBXGroup;
			children = (
				E7DC19E42041ED820043B874 /* ViewModel.swift */,
			);
			path = Models;
			sourceTree = "<group>";
		};
		E7DC19E62041F7910043B874 /* Views */ = {
			isa = PBXGroup;
			children = (
				E77A66612041C834003C1DCD /* ViewController.swift */,
				E7DC19E72041F7AA0043B874 /* ListCell.swift */,
			);
			path = Views;
			sourceTree = "<group>";
		};
/* End PBXGroup section */

/* Begin PBXNativeTarget section */
		E77A665B2041C834003C1DCD /* Liverpool */ = {
			isa = PBXNativeTarget;
			buildConfigurationList = E77A666E2041C834003C1DCD /* Build configuration list for PBXNativeTarget "Liverpool" */;
			buildPhases = (
				903352D45EC6E92D6DD61297 /* [CP] Check Pods Manifest.lock */,
				E77A66582041C834003C1DCD /* Sources */,
				E77A66592041C834003C1DCD /* Frameworks */,
				E77A665A2041C834003C1DCD /* Resources */,
				03204737AA9797F17C403F76 /* [CP] Embed Pods Frameworks */,
				B8F7C6618BD587E721071432 /* [CP] Copy Pods Resources */,
			);
			buildRules = (
			);
			dependencies = (
			);
			name = Liverpool;
			productName = Liverpool;
			productReference = E77A665C2041C834003C1DCD /* Liverpool.app */;
			productType = "com.apple.product-type.application";
		};
/* End PBXNativeTarget section */

/* Begin PBXProject section */
		E77A66542041C834003C1DCD /* Project object */ = {
			isa = PBXProject;
			attributes = {
				LastSwiftUpdateCheck = 0920;
				LastUpgradeCheck = 0920;
				ORGANIZATIONNAME = Ranfelabs;
				TargetAttributes = {
					E77A665B2041C834003C1DCD = {
						CreatedOnToolsVersion = 9.2;
						ProvisioningStyle = Automatic;
					};
				};
			};
			buildConfigurationList = E77A66572041C834003C1DCD /* Build configuration list for PBXProject "Liverpool" */;
			compatibilityVersion = "Xcode 8.0";
			developmentRegion = en;
			hasScannedForEncodings = 0;
			knownRegions = (
				en,
				Base,
			);
			mainGroup = E77A66532041C834003C1DCD;
			productRefGroup = E77A665D2041C834003C1DCD /* Products */;
			projectDirPath = "";
			projectRoot = "";
			targets = (
				E77A665B2041C834003C1DCD /* Liverpool */,
			);
		};
/* End PBXProject section */

/* Begin PBXResourcesBuildPhase section */
		E77A665A2041C834003C1DCD /* Resources */ = {
			isa = PBXResourcesBuildPhase;
			buildActionMask = 2147483647;
			files = (
				E77A666A2041C834003C1DCD /* LaunchScreen.storyboard in Resources */,
				E77A66672041C834003C1DCD /* Assets.xcassets in Resources */,
				E77A66652041C834003C1DCD /* Main.storyboard in Resources */,
			);
			runOnlyForDeploymentPostprocessing = 0;
		};
/* End PBXResourcesBuildPhase section */

/* Begin PBXShellScriptBuildPhase section */
		03204737AA9797F17C403F76 /* [CP] Embed Pods Frameworks */ = {
			isa = PBXShellScriptBuildPhase;
			buildActionMask = 2147483647;
			files = (
			);
			inputPaths = (
			);
			name = "[CP] Embed Pods Frameworks";
			outputPaths = (
			);
			runOnlyForDeploymentPostprocessing = 0;
			shellPath = /bin/sh;
			shellScript = "\"${SRCROOT}/Pods/Target Support Files/Pods-Liverpool/Pods-Liverpool-frameworks.sh\"\n";
			showEnvVarsInLog = 0;
		};
		903352D45EC6E92D6DD61297 /* [CP] Check Pods Manifest.lock */ = {
			isa = PBXShellScriptBuildPhase;
			buildActionMask = 2147483647;
			files = (
			);
			inputPaths = (
			);
			name = "[CP] Check Pods Manifest.lock";
			outputPaths = (
			);
			runOnlyForDeploymentPostprocessing = 0;
			shellPath = /bin/sh;
			shellScript = "diff \"${PODS_PODFILE_DIR_PATH}/Podfile.lock\" \"${PODS_ROOT}/Manifest.lock\" > /dev/null\nif [ $? != 0 ] ; then\n    # print error to STDERR\n    echo \"error: The sandbox is not in sync with the Podfile.lock. Run 'pod install' or update your CocoaPods installation.\" >&2\n    exit 1\nfi\n";
			showEnvVarsInLog = 0;
		};
		B8F7C6618BD587E721071432 /* [CP] Copy Pods Resources */ = {
			isa = PBXShellScriptBuildPhase;
			buildActionMask = 2147483647;
			files = (
			);
			inputPaths = (
			);
			name = "[CP] Copy Pods Resources";
			outputPaths = (
			);
			runOnlyForDeploymentPostprocessing = 0;
			shellPath = /bin/sh;
			shellScript = "\"${SRCROOT}/Pods/Target Support Files/Pods-Liverpool/Pods-Liverpool-resources.sh\"\n";
			showEnvVarsInLog = 0;
		};
/* End PBXShellScriptBuildPhase section */

/* Begin PBXSourcesBuildPhase section */
		E77A66582041C834003C1DCD /* Sources */ = {
			isa = PBXSourcesBuildPhase;
			buildActionMask = 2147483647;
			files = (
				E77A66622041C834003C1DCD /* ViewController.swift in Sources */,
				E77A66602041C834003C1DCD /* AppDelegate.swift in Sources */,
				E7DC19E02041D8260043B874 /* HomeViewable.swift in Sources */,
				E7DC19DA2041D0130043B874 /* APICall.swift in Sources */,
				E7DC19E22041D8370043B874 /* HomePresentable.swift in Sources */,
				E7DC19E82041F7AA0043B874 /* ListCell.swift in Sources */,
				E7DC19DD2041D7B90043B874 /* HomePresenter.swift in Sources */,
				E7DC19E52041ED820043B874 /* ViewModel.swift in Sources */,
			);
			runOnlyForDeploymentPostprocessing = 0;
		};
/* End PBXSourcesBuildPhase section */

/* Begin PBXVariantGroup section */
		E77A66632041C834003C1DCD /* Main.storyboard */ = {
			isa = PBXVariantGroup;
			children = (
				E77A66642041C834003C1DCD /* Base */,
			);
			name = Main.storyboard;
			sourceTree = "<group>";
		};
		E77A66682041C834003C1DCD /* LaunchScreen.storyboard */ = {
			isa = PBXVariantGroup;
			children = (
				E77A66692041C834003C1DCD /* Base */,
			);
			name = LaunchScreen.storyboard;
			sourceTree = "<group>";
		};
/* End PBXVariantGroup section */

/* Begin XCBuildConfiguration section */
		E77A666C2041C834003C1DCD /* Debug */ = {
			isa = XCBuildConfiguration;
			buildSettings = {
				ALWAYS_SEARCH_USER_PATHS = NO;
				CLANG_ANALYZER_NONNULL = YES;
				CLANG_ANALYZER_NUMBER_OBJECT_CONVERSION = YES_AGGRESSIVE;
				CLANG_CXX_LANGUAGE_STANDARD = "gnu++14";
				CLANG_CXX_LIBRARY = "libc++";
				CLANG_ENABLE_MODULES = YES;
				CLANG_ENABLE_OBJC_ARC = YES;
				CLANG_WARN_BLOCK_CAPTURE_AUTORELEASING = YES;
				CLANG_WARN_BOOL_CONVERSION = YES;
				CLANG_WARN_COMMA = YES;
				CLANG_WARN_CONSTANT_CONVERSION = YES;
				CLANG_WARN_DIRECT_OBJC_ISA_USAGE = YES_ERROR;
				CLANG_WARN_DOCUMENTATION_COMMENTS = YES;
				CLANG_WARN_EMPTY_BODY = YES;
				CLANG_WARN_ENUM_CONVERSION = YES;
				CLANG_WARN_INFINITE_RECURSION = YES;
				CLANG_WARN_INT_CONVERSION = YES;
				CLANG_WARN_NON_LITERAL_NULL_CONVERSION = YES;
				CLANG_WARN_OBJC_LITERAL_CONVERSION = YES;
				CLANG_WARN_OBJC_ROOT_CLASS = YES_ERROR;
				CLANG_WARN_RANGE_LOOP_ANALYSIS = YES;
				CLANG_WARN_STRICT_PROTOTYPES = YES;
				CLANG_WARN_SUSPICIOUS_MOVE = YES;
				CLANG_WARN_UNGUARDED_AVAILABILITY = YES_AGGRESSIVE;
				CLANG_WARN_UNREACHABLE_CODE = YES;
				CLANG_WARN__DUPLICATE_METHOD_MATCH = YES;
				CODE_SIGN_IDENTITY = "iPhone Developer";
				COPY_PHASE_STRIP = NO;
				DEBUG_INFORMATION_FORMAT = dwarf;
				ENABLE_STRICT_OBJC_MSGSEND = YES;
				ENABLE_TESTABILITY = YES;
				GCC_C_LANGUAGE_STANDARD = gnu11;
				GCC_DYNAMIC_NO_PIC = NO;
				GCC_NO_COMMON_BLOCKS = YES;
				GCC_OPTIMIZATION_LEVEL = 0;
				GCC_PREPROCESSOR_DEFINITIONS = (
					"DEBUG=1",
					"$(inherited)",
				);
				GCC_WARN_64_TO_32_BIT_CONVERSION = YES;
				GCC_WARN_ABOUT_RETURN_TYPE = YES_ERROR;
				GCC_WARN_UNDECLARED_SELECTOR = YES;
				GCC_WARN_UNINITIALIZED_AUTOS = YES_AGGRESSIVE;
				GCC_WARN_UNUSED_FUNCTION = YES;
				GCC_WARN_UNUSED_VARIABLE = YES;
				IPHONEOS_DEPLOYMENT_TARGET = 11.2;
				MTL_ENABLE_DEBUG_INFO = YES;
				ONLY_ACTIVE_ARCH = YES;
				SDKROOT = iphoneos;
				SWIFT_ACTIVE_COMPILATION_CONDITIONS = DEBUG;
				SWIFT_OPTIMIZATION_LEVEL = "-Onone";
			};
			name = Debug;
		};
		E77A666D2041C834003C1DCD /* Release */ = {
			isa = XCBuildConfiguration;
			buildSettings = {
				ALWAYS_SEARCH_USER_PATHS = NO;
				CLANG_ANALYZER_NONNULL = YES;
				CLANG_ANALYZER_NUMBER_OBJECT_CONVERSION = YES_AGGRESSIVE;
				CLANG_CXX_LANGUAGE_STANDARD = "gnu++14";
				CLANG_CXX_LIBRARY = "libc++";
				CLANG_ENABLE_MODULES = YES;
				CLANG_ENABLE_OBJC_ARC = YES;
				CLANG_WARN_BLOCK_CAPTURE_AUTORELEASING = YES;
				CLANG_WARN_BOOL_CONVERSION = YES;
				CLANG_WARN_COMMA = YES;
				CLANG_WARN_CONSTANT_CONVERSION = YES;
				CLANG_WARN_DIRECT_OBJC_ISA_USAGE = YES_ERROR;
				CLANG_WARN_DOCUMENTATION_COMMENTS = YES;
				CLANG_WARN_EMPTY_BODY = YES;
				CLANG_WARN_ENUM_CONVERSION = YES;
				CLANG_WARN_INFINITE_RECURSION = YES;
				CLANG_WARN_INT_CONVERSION = YES;
				CLANG_WARN_NON_LITERAL_NULL_CONVERSION = YES;
				CLANG_WARN_OBJC_LITERAL_CONVERSION = YES;
				CLANG_WARN_OBJC_ROOT_CLASS = YES_ERROR;
				CLANG_WARN_RANGE_LOOP_ANALYSIS = YES;
				CLANG_WARN_STRICT_PROTOTYPES = YES;
				CLANG_WARN_SUSPICIOUS_MOVE = YES;
				CLANG_WARN_UNGUARDED_AVAILABILITY = YES_AGGRESSIVE;
				CLANG_WARN_UNREACHABLE_CODE = YES;
				CLANG_WARN__DUPLICATE_METHOD_MATCH = YES;
				CODE_SIGN_IDENTITY = "iPhone Developer";
				COPY_PHASE_STRIP = NO;
				DEBUG_INFORMATION_FORMAT = "dwarf-with-dsym";
				ENABLE_NS_ASSERTIONS = NO;
				ENABLE_STRICT_OBJC_MSGSEND = YES;
				GCC_C_LANGUAGE_STANDARD = gnu11;
				GCC_NO_COMMON_BLOCKS = YES;
				GCC_WARN_64_TO_32_BIT_CONVERSION = YES;
				GCC_WARN_ABOUT_RETURN_TYPE = YES_ERROR;
				GCC_WARN_UNDECLARED_SELECTOR = YES;
				GCC_WARN_UNINITIALIZED_AUTOS = YES_AGGRESSIVE;
				GCC_WARN_UNUSED_FUNCTION = YES;
				GCC_WARN_UNUSED_VARIABLE = YES;
				IPHONEOS_DEPLOYMENT_TARGET = 11.2;
				MTL_ENABLE_DEBUG_INFO = NO;
				SDKROOT = iphoneos;
				SWIFT_OPTIMIZATION_LEVEL = "-Owholemodule";
				VALIDATE_PRODUCT = YES;
			};
			name = Release;
		};
		E77A666F2041C834003C1DCD /* Debug */ = {
			isa = XCBuildConfiguration;
			baseConfigurationReference = 9F3E8EA9FB7C47DE2C6DABE2 /* Pods-Liverpool.debug.xcconfig */;
			buildSettings = {
				ASSETCATALOG_COMPILER_APPICON_NAME = AppIcon;
				CODE_SIGN_STYLE = Automatic;
				DEVELOPMENT_TEAM = T9APG36RLZ;
				INFOPLIST_FILE = Liverpool/Info.plist;
				LD_RUNPATH_SEARCH_PATHS = "$(inherited) @executable_path/Frameworks";
				PRODUCT_BUNDLE_IDENTIFIER = ranfeslab.Liverpool;
				PRODUCT_NAME = "$(TARGET_NAME)";
				SWIFT_VERSION = 4.0;
				TARGETED_DEVICE_FAMILY = "1,2";
			};
			name = Debug;
		};
		E77A66702041C834003C1DCD /* Release */ = {
			isa = XCBuildConfiguration;
			baseConfigurationReference = B960BF89357B1A8DF3E95D7B /* Pods-Liverpool.release.xcconfig */;
			buildSettings = {
				ASSETCATALOG_COMPILER_APPICON_NAME = AppIcon;
				CODE_SIGN_STYLE = Automatic;
				DEVELOPMENT_TEAM = T9APG36RLZ;
				INFOPLIST_FILE = Liverpool/Info.plist;
				LD_RUNPATH_SEARCH_PATHS = "$(inherited) @executable_path/Frameworks";
				PRODUCT_BUNDLE_IDENTIFIER = ranfeslab.Liverpool;
				PRODUCT_NAME = "$(TARGET_NAME)";
				SWIFT_VERSION = 4.0;
				TARGETED_DEVICE_FAMILY = "1,2";
			};
			name = Release;
		};
/* End XCBuildConfiguration section */

/* Begin XCConfigurationList section */
		E77A66572041C834003C1DCD /* Build configuration list for PBXProject "Liverpool" */ = {
			isa = XCConfigurationList;
			buildConfigurations = (
				E77A666C2041C834003C1DCD /* Debug */,
				E77A666D2041C834003C1DCD /* Release */,
			);
			defaultConfigurationIsVisible = 0;
			defaultConfigurationName = Release;
		};
		E77A666E2041C834003C1DCD /* Build configuration list for PBXNativeTarget "Liverpool" */ = {
			isa = XCConfigurationList;
			buildConfigurations = (
				E77A666F2041C834003C1DCD /* Debug */,
				E77A66702041C834003C1DCD /* Release */,
			);
			defaultConfigurationIsVisible = 0;
			defaultConfigurationName = Release;
		};
/* End XCConfigurationList section */
	};
	rootObject = E77A66542041C834003C1DCD /* Project object */;
}
